dependencies:
- name: zookeeper
  repository: https://charts.bitnami.com/bitnami
  version: 1.4.2
- name: postgresql
  repository: https://charts.bitnami.com/bitnami
  version: 7.2.0
digest: sha256:e34b4ce37db39244f54b56c000e97c4c4d8f22607629bc2a8ed3332ff80534d7
generated: "2021-07-09T14:47:32.735619+05:30"
