dependencies:
- name: zookeeper
  repository: https://charts.bitnami.com/bitnami
  version: 7.0.6
- name: postgresql
  repository: https://charts.bitnami.com/bitnami
  version: 10.5.2
digest: sha256:a901d225cc77798682401642d6bdc964ad92ac4d7e6a0aff961b4d21a5afefeb
generated: "2021-07-09T16:14:43.239218+05:30"
